# THIS IS AN AUTOGENERATED FILE. DO NOT EDIT THIS FILE DIRECTLY.
# yarn lockfile v1


abbrev@1:
  version "1.1.1"
  resolved "https://registry.yarnpkg.com/abbrev/-/abbrev-1.1.1.tgz#f8f2c887ad10bf67f634f005b6987fed3179aac8"

ansi-regex@^0.2.0, ansi-regex@^0.2.1:
  version "0.2.1"
  resolved "https://registry.yarnpkg.com/ansi-regex/-/ansi-regex-0.2.1.tgz#0d8e946967a3d8143f93e24e298525fc1b2235f9"

ansi-styles@^1.1.0:
  version "1.1.0"
  resolved "https://registry.yarnpkg.com/ansi-styles/-/ansi-styles-1.1.0.tgz#eaecbf66cd706882760b2f4691582b8f55d7a7de"

asap@^2.0.0:
  version "2.0.6"
  resolved "https://registry.yarnpkg.com/asap/-/asap-2.0.6.tgz#e50347611d7e690943208bbdafebcbc2fb866d46"

async@^2.1.4:
  version "2.6.0"
  resolved "https://registry.yarnpkg.com/async/-/async-2.6.0.tgz#61a29abb6fcc026fea77e56d1c6ec53a795951f4"
  dependencies:
    lodash "^4.14.0"

balanced-match@^1.0.0:
  version "1.0.0"
  resolved "https://registry.yarnpkg.com/balanced-match/-/balanced-match-1.0.0.tgz#89b4d199ab2bee49de164ea02b89ce462d71b767"

brace-expansion@^1.1.7:
  version "1.1.8"
  resolved "https://registry.yarnpkg.com/brace-expansion/-/brace-expansion-1.1.8.tgz#c07b211c7c952ec1f8efd51a77ef0d1d3990a292"
  dependencies:
    balanced-match "^1.0.0"
    concat-map "0.0.1"

chalk@~0.5.1:
  version "0.5.1"
  resolved "https://registry.yarnpkg.com/chalk/-/chalk-0.5.1.tgz#663b3a648b68b55d04690d49167aa837858f2174"
  dependencies:
    ansi-styles "^1.1.0"
    escape-string-regexp "^1.0.0"
    has-ansi "^0.1.0"
    strip-ansi "^0.3.0"
    supports-color "^0.2.0"

concat-map@0.0.1:
  version "0.0.1"
  resolved "https://registry.yarnpkg.com/concat-map/-/concat-map-0.0.1.tgz#d8a96bd77fd68df7793a73036a3ba0d5405d477b"

debuglog@^1.0.1:
  version "1.0.1"
  resolved "https://registry.yarnpkg.com/debuglog/-/debuglog-1.0.1.tgz#aa24ffb9ac3df9a2351837cfb2d279360cd78492"

dezalgo@^1.0.0:
  version "1.0.3"
  resolved "https://registry.yarnpkg.com/dezalgo/-/dezalgo-1.0.3.tgz#7f742de066fc748bc8db820569dddce49bf0d456"
  dependencies:
    asap "^2.0.0"
    wrappy "1"

escape-string-regexp@^1.0.0:
  version "1.0.5"
  resolved "https://registry.yarnpkg.com/escape-string-regexp/-/escape-string-regexp-1.0.5.tgz#1b61c0562190a8dff6ae3bb2cf0200ca130b86d4"

github-url-from-git@^1.3.0:
  version "1.5.0"
  resolved "https://registry.yarnpkg.com/github-url-from-git/-/github-url-from-git-1.5.0.tgz#f985fedcc0a9aa579dc88d7aff068d55cc6251a0"

github-url-from-username-repo@^1.0.0:
  version "1.0.2"
  resolved "https://registry.yarnpkg.com/github-url-from-username-repo/-/github-url-from-username-repo-1.0.2.tgz#7dd79330d2abe69c10c2cef79714c97215791dfa"

glob@^5.0.3:
  version "5.0.15"
  resolved "https://registry.yarnpkg.com/glob/-/glob-5.0.15.tgz#1bc936b9e02f4a603fcc222ecf7633d30b8b93b1"
  dependencies:
    inflight "^1.0.4"
    inherits "2"
    minimatch "2 || 3"
    once "^1.3.0"
    path-is-absolute "^1.0.0"

"graceful-fs@2 || 3":
  version "3.0.11"
  resolved "https://registry.yarnpkg.com/graceful-fs/-/graceful-fs-3.0.11.tgz#7613c778a1afea62f25c630a086d7f3acbbdd818"
  dependencies:
    natives "^1.1.0"

graceful-fs@^4.1.2:
  version "4.1.11"
  resolved "https://registry.yarnpkg.com/graceful-fs/-/graceful-fs-4.1.11.tgz#0e8bdfe4d1ddb8854d64e04ea7c00e2a026e5658"

has-ansi@^0.1.0:
  version "0.1.0"
  resolved "https://registry.yarnpkg.com/has-ansi/-/has-ansi-0.1.0.tgz#84f265aae8c0e6a88a12d7022894b7568894c62e"
  dependencies:
    ansi-regex "^0.2.0"

inflight@^1.0.4:
  version "1.0.6"
  resolved "https://registry.yarnpkg.com/inflight/-/inflight-1.0.6.tgz#49bd6331d7d02d0c09bc910a1075ba8165b56df9"
  dependencies:
    once "^1.3.0"
    wrappy "1"

inherits@2:
  version "2.0.3"
  resolved "https://registry.yarnpkg.com/inherits/-/inherits-2.0.3.tgz#633c2c83e3da42a502f52466022480f4208261de"

jju@^1.1.0:
  version "1.3.0"
  resolved "https://registry.yarnpkg.com/jju/-/jju-1.3.0.tgz#dadd9ef01924bc728b03f2f7979bdbd62f7a2aaa"

jquery-extend@~2.0.3:
  version "2.0.3"
  resolved "https://registry.yarnpkg.com/jquery-extend/-/jquery-extend-2.0.3.tgz#6815cdb01a866ddba30e6f4d0fc5fb6679272735"

json-parse-helpfulerror@^1.0.2:
  version "1.0.3"
  resolved "https://registry.yarnpkg.com/json-parse-helpfulerror/-/json-parse-helpfulerror-1.0.3.tgz#13f14ce02eed4e981297b64eb9e3b932e2dd13dc"
  dependencies:
    jju "^1.1.0"

"license-checker@git+https://github.com/mwittig/license-checker.git#8d960c6e1487cd189e9436b492c923bd86cc5adc":
  version "1.0.0"
  resolved "git+https://github.com/mwittig/license-checker.git#8d960c6e1487cd189e9436b492c923bd86cc5adc"
  dependencies:
    chalk "~0.5.1"
    mkdirp "^0.3.5"
    nopt "^2.2.0"
    read-installed "~3.1.3"
    treeify "^1.0.1"

lodash@^4.14.0:
  version "4.17.4"
  resolved "https://registry.yarnpkg.com/lodash/-/lodash-4.17.4.tgz#78203a4d1c328ae1d86dca6460e369b57f4055ae"

"minimatch@2 || 3":
  version "3.0.4"
  resolved "https://registry.yarnpkg.com/minimatch/-/minimatch-3.0.4.tgz#5166e286457f03306064be5497e8dbb0c3d32083"
  dependencies:
    brace-expansion "^1.1.7"

minimist@0.0.8:
  version "0.0.8"
  resolved "https://registry.yarnpkg.com/minimist/-/minimist-0.0.8.tgz#857fcabfc3397d2625b8228262e86aa7a011b05d"

mkdirp@^0.3.5:
  version "0.3.5"
  resolved "https://registry.yarnpkg.com/mkdirp/-/mkdirp-0.3.5.tgz#de3e5f8961c88c787ee1368df849ac4413eca8d7"

mkdirp@^0.5.1:
  version "0.5.1"
  resolved "https://registry.yarnpkg.com/mkdirp/-/mkdirp-0.5.1.tgz#30057438eac6cf7f8c4767f38648d6697d75c903"
  dependencies:
    minimist "0.0.8"

natives@^1.1.0:
  version "1.1.1"
  resolved "https://registry.yarnpkg.com/natives/-/natives-1.1.1.tgz#011acce1f7cbd87f7ba6b3093d6cd9392be1c574"

nopt-defaults@^0.0.1:
  version "0.0.1"
  resolved "https://registry.yarnpkg.com/nopt-defaults/-/nopt-defaults-0.0.1.tgz#f150fcc8882309cbfb76187e12e9bcb20694558b"

nopt-usage@^0.1.0:
  version "0.1.0"
  resolved "https://registry.yarnpkg.com/nopt-usage/-/nopt-usage-0.1.0.tgz#b18b8c183e181047ca9e63b7cde7cfc702cca579"

nopt@^2.2.0:
  version "2.2.1"
  resolved "https://registry.yarnpkg.com/nopt/-/nopt-2.2.1.tgz#2aa09b7d1768487b3b89a9c5aa52335bff0baea7"
  dependencies:
    abbrev "1"

nopt@^3.0.6:
  version "3.0.6"
  resolved "https://registry.yarnpkg.com/nopt/-/nopt-3.0.6.tgz#c6465dbf08abcd4db359317f79ac68a646b28ff9"
  dependencies:
    abbrev "1"

normalize-package-data@^1.0.0:
  version "1.0.3"
  resolved "https://registry.yarnpkg.com/normalize-package-data/-/normalize-package-data-1.0.3.tgz#8be955b8907af975f1a4584ea8bb9b41492312f5"
  dependencies:
    github-url-from-git "^1.3.0"
    github-url-from-username-repo "^1.0.0"
    semver "2 || 3 || 4"

npm-license-crawler@^0.1.5:
  version "0.1.5"
  resolved "https://registry.yarnpkg.com/npm-license-crawler/-/npm-license-crawler-0.1.5.tgz#3118f5f49985386369d5d54d0eb2ce970cae77a8"
  dependencies:
    async "^2.1.4"
    jquery-extend "~2.0.3"
    license-checker "git+https://github.com/mwittig/license-checker#8d960c6e1487cd189e9436b492c923bd86cc5adc"
    mkdirp "^0.5.1"
    nopt "^3.0.6"
    nopt-defaults "^0.0.1"
    nopt-usage "^0.1.0"
    treeify "^1.0.1"

once@^1.3.0:
  version "1.4.0"
  resolved "https://registry.yarnpkg.com/once/-/once-1.4.0.tgz#583b1aa775961d4b113ac17d9c50baef9dd76bd1"
  dependencies:
    wrappy "1"

path-is-absolute@^1.0.0:
  version "1.0.1"
  resolved "https://registry.yarnpkg.com/path-is-absolute/-/path-is-absolute-1.0.1.tgz#174b9268735534ffbc7ace6bf53a5a9e1b5c5f5f"

read-installed@~3.1.3:
  version "3.1.5"
  resolved "https://registry.yarnpkg.com/read-installed/-/read-installed-3.1.5.tgz#4ae36081afd3e2204dc2e279807aaa52c30c8c0c"
  dependencies:
    debuglog "^1.0.1"
    read-package-json "1"
    readdir-scoped-modules "^1.0.0"
    semver "2 || 3 || 4"
    slide "~1.1.3"
    util-extend "^1.0.1"
  optionalDependencies:
    graceful-fs "2 || 3"

read-package-json@1:
  version "1.3.3"
  resolved "https://registry.yarnpkg.com/read-package-json/-/read-package-json-1.3.3.tgz#ef79dfda46e165376ee8a57efbfedd4d1b029ba4"
  dependencies:
    glob "^5.0.3"
    json-parse-helpfulerror "^1.0.2"
    normalize-package-data "^1.0.0"
  optionalDependencies:
    graceful-fs "2 || 3"

readdir-scoped-modules@^1.0.0:
  version "1.0.2"
  resolved "https://registry.yarnpkg.com/readdir-scoped-modules/-/readdir-scoped-modules-1.0.2.tgz#9fafa37d286be5d92cbaebdee030dc9b5f406747"
  dependencies:
    debuglog "^1.0.1"
    dezalgo "^1.0.0"
    graceful-fs "^4.1.2"
    once "^1.3.0"

"semver@2 || 3 || 4":
  version "4.3.6"
  resolved "https://registry.yarnpkg.com/semver/-/semver-4.3.6.tgz#300bc6e0e86374f7ba61068b5b1ecd57fc6532da"

slide@~1.1.3:
  version "1.1.6"
  resolved "https://registry.yarnpkg.com/slide/-/slide-1.1.6.tgz#56eb027d65b4d2dce6cb2e2d32c4d4afc9e1d707"

strip-ansi@^0.3.0:
  version "0.3.0"
  resolved "https://registry.yarnpkg.com/strip-ansi/-/strip-ansi-0.3.0.tgz#25f48ea22ca79187f3174a4db8759347bb126220"
  dependencies:
    ansi-regex "^0.2.1"

supports-color@^0.2.0:
  version "0.2.0"
  resolved "https://registry.yarnpkg.com/supports-color/-/supports-color-0.2.0.tgz#d92de2694eb3f67323973d7ae3d8b55b4c22190a"

treeify@^1.0.1:
  version "1.0.1"
  resolved "https://registry.yarnpkg.com/treeify/-/treeify-1.0.1.tgz#69b3cd022022a168424e7cfa1ced44c939d3eb2f"

util-extend@^1.0.1:
  version "1.0.3"
  resolved "https://registry.yarnpkg.com/util-extend/-/util-extend-1.0.3.tgz#a7c216d267545169637b3b6edc6ca9119e2ff93f"

wrappy@1:
  version "1.0.2"
  resolved "https://registry.yarnpkg.com/wrappy/-/wrappy-1.0.2.tgz#b5243d8f3ec1aa35f1364605bc0d1036e30ab69f"
